
Microsoft Visual Studio Solution File, Format Version 12.00
# Visual Studio Version 17
VisualStudioVersion = 17.1.32407.343
MinimumVisualStudioVersion = 10.0.40219.1
Project("{2150E333-8FDC-42A3-9474-1A3956D46DE8}") = "1-PrimeirosPassos", "1-PrimeirosPassos", "{557A7C8C-498D-46D6-9C59-2D2920E729C0}"
EndProject
Project("{2150E333-8FDC-42A3-9474-1A3956D46DE8}") = "1-Publicacao", "1-Publicacao", "{21780245-BD83-45E7-94BD-19728F5F0188}"
EndProject
Project("{2150E333-8FDC-42A3-9474-1A3956D46DE8}") = "2-Consumidor", "2-Consumidor", "{E947C43D-37B5-47ED-9DAE-FEF1AFD0ADF9}"
EndProject
Project("{2150E333-8FDC-42A3-9474-1A3956D46DE8}") = "2-MultiplosConsumidores", "2-MultiplosConsumidores", "{2A787D24-833C-440D-A5D3-24B92A33284A}"
EndProject
Project("{2150E333-8FDC-42A3-9474-1A3956D46DE8}") = "1-Publicacao", "1-Publicacao", "{7F5DC3BD-5EED-4402-840F-CD9D7A19C1A7}"
EndProject
Project("{2150E333-8FDC-42A3-9474-1A3956D46DE8}") = "2-Consumidor", "2-Consumidor", "{D010372D-98FD-4614-89E6-21E3DDD5E0E9}"
EndProject
Project("{FAE04EC0-301F-11D3-BF4B-00C04F79EFBC}") = "publicador_01", "publicador_01\publicador_01.csproj", "{3AB89123-8539-4D07-9357-868A137FE0B5}"
EndProject
Project("{FAE04EC0-301F-11D3-BF4B-00C04F79EFBC}") = "consumidor_01", "consumidor_01\consumidor_01.csproj", "{4601FF4E-6F13-479B-8A65-E9A449269169}"
EndProject
Project("{FAE04EC0-301F-11D3-BF4B-00C04F79EFBC}") = "publicador_02", "publicador_02\publicador_02.csproj", "{9EA88B53-05DE-4CB0-8D5E-9944750A97FE}"
EndProject
Project("{FAE04EC0-301F-11D3-BF4B-00C04F79EFBC}") = "consumidor_02", "consumidor_02\consumidor_02.csproj", "{C513A18F-37AA-4BB0-9CAF-4C52F0C32403}"
EndProject
Project("{FAE04EC0-301F-11D3-BF4B-00C04F79EFBC}") = "consumidor_021", "consumidor_021\consumidor_021.csproj", "{493245F2-F9EB-40FB-A353-E76A17F456D2}"
EndProject
Global
	GlobalSection(SolutionConfigurationPlatforms) = preSolution
		Debug|Any CPU = Debug|Any CPU
		Release|Any CPU = Release|Any CPU
	EndGlobalSection
	GlobalSection(ProjectConfigurationPlatforms) = postSolution
		{3AB89123-8539-4D07-9357-868A137FE0B5}.Debug|Any CPU.ActiveCfg = Debug|Any CPU
		{3AB89123-8539-4D07-9357-868A137FE0B5}.Debug|Any CPU.Build.0 = Debug|Any CPU
		{3AB89123-8539-4D07-9357-868A137FE0B5}.Release|Any CPU.ActiveCfg = Release|Any CPU
		{3AB89123-8539-4D07-9357-868A137FE0B5}.Release|Any CPU.Build.0 = Release|Any CPU
		{4601FF4E-6F13-479B-8A65-E9A449269169}.Debug|Any CPU.ActiveCfg = Debug|Any CPU
		{4601FF4E-6F13-479B-8A65-E9A449269169}.Debug|Any CPU.Build.0 = Debug|Any CPU
		{4601FF4E-6F13-479B-8A65-E9A449269169}.Release|Any CPU.ActiveCfg = Release|Any CPU
		{4601FF4E-6F13-479B-8A65-E9A449269169}.Release|Any CPU.Build.0 = Release|Any CPU
		{9EA88B53-05DE-4CB0-8D5E-9944750A97FE}.Debug|Any CPU.ActiveCfg = Debug|Any CPU
		{9EA88B53-05DE-4CB0-8D5E-9944750A97FE}.Debug|Any CPU.Build.0 = Debug|Any CPU
		{9EA88B53-05DE-4CB0-8D5E-9944750A97FE}.Release|Any CPU.ActiveCfg = Release|Any CPU
		{9EA88B53-05DE-4CB0-8D5E-9944750A97FE}.Release|Any CPU.Build.0 = Release|Any CPU
		{C513A18F-37AA-4BB0-9CAF-4C52F0C32403}.Debug|Any CPU.ActiveCfg = Debug|Any CPU
		{C513A18F-37AA-4BB0-9CAF-4C52F0C32403}.Debug|Any CPU.Build.0 = Debug|Any CPU
		{C513A18F-37AA-4BB0-9CAF-4C52F0C32403}.Release|Any CPU.ActiveCfg = Release|Any CPU
		{C513A18F-37AA-4BB0-9CAF-4C52F0C32403}.Release|Any CPU.Build.0 = Release|Any CPU
		{493245F2-F9EB-40FB-A353-E76A17F456D2}.Debug|Any CPU.ActiveCfg = Debug|Any CPU
		{493245F2-F9EB-40FB-A353-E76A17F456D2}.Debug|Any CPU.Build.0 = Debug|Any CPU
		{493245F2-F9EB-40FB-A353-E76A17F456D2}.Release|Any CPU.ActiveCfg = Release|Any CPU
		{493245F2-F9EB-40FB-A353-E76A17F456D2}.Release|Any CPU.Build.0 = Release|Any CPU
	EndGlobalSection
	GlobalSection(SolutionProperties) = preSolution
		HideSolutionNode = FALSE
	EndGlobalSection
	GlobalSection(NestedProjects) = preSolution
		{21780245-BD83-45E7-94BD-19728F5F0188} = {557A7C8C-498D-46D6-9C59-2D2920E729C0}
		{E947C43D-37B5-47ED-9DAE-FEF1AFD0ADF9} = {557A7C8C-498D-46D6-9C59-2D2920E729C0}
		{7F5DC3BD-5EED-4402-840F-CD9D7A19C1A7} = {2A787D24-833C-440D-A5D3-24B92A33284A}
		{D010372D-98FD-4614-89E6-21E3DDD5E0E9} = {2A787D24-833C-440D-A5D3-24B92A33284A}
		{3AB89123-8539-4D07-9357-868A137FE0B5} = {21780245-BD83-45E7-94BD-19728F5F0188}
		{4601FF4E-6F13-479B-8A65-E9A449269169} = {E947C43D-37B5-47ED-9DAE-FEF1AFD0ADF9}
		{9EA88B53-05DE-4CB0-8D5E-9944750A97FE} = {7F5DC3BD-5EED-4402-840F-CD9D7A19C1A7}
		{C513A18F-37AA-4BB0-9CAF-4C52F0C32403} = {D010372D-98FD-4614-89E6-21E3DDD5E0E9}
		{493245F2-F9EB-40FB-A353-E76A17F456D2} = {D010372D-98FD-4614-89E6-21E3DDD5E0E9}
	EndGlobalSection
	GlobalSection(ExtensibilityGlobals) = postSolution
		SolutionGuid = {ADC695BF-FB2C-4970-B2E5-70F0E489EB9F}
	EndGlobalSection
EndGlobal
